<Solution>
  <Project Path="CognitiveLedger.AI/CognitiveLedger.AI.csproj" />
  <Folder Name="/Agents/">
    <Project Path="CognitiveLedger.Agents/CognitiveLedger.Agents.csproj" />
  </Folder>
  <Folder Name="/Services/">
    <Project Path="CognitiveLedger.Services.Agents.Api/CognitiveLedger.Services.Agents.Api.csproj" />
    <Project Path="CognitiveLedger.Services.Importer/CognitiveLedger.Services.Importer.csproj" />
    <Project Path="CognitiveLedger.Services.LedgerMcp/CognitiveLedger.Services.LedgerMcp.csproj" />
  </Folder>
  <Folder Name="/Testing/">
    <Project Path="CognitiveLedger.Testing\CognitiveLedger.Testing.csproj" />
  </Folder>
  <Folder Name="/Tools/">
    <Project Path="CognitiveLedger.AgentCli/CognitiveLedger.AgentCli.csproj" />
    <Project Path="CognitiveLedger.Importer/CognitiveLedger.Importer.csproj" />
  </Folder>
  <Project Path="CognitiveLedger.Common/CognitiveLedger.Common.csproj" />
  <Project Path="CognitiveLedger.Data/CognitiveLedger.Data.csproj" />
  <Project Path="CognitiveLedger.Parser.PDF/CognitiveLedger.Parser.PDF.csproj" />
</Solution>
